
Microsoft Visual Studio Solution File, Format Version 12.00
# Visual Studio Version 17
VisualStudioVersion = 17.7.34031.279
MinimumVisualStudioVersion = 10.0.40219.1
Project("{9A19103F-16F7-4668-BE54-9A1E7A4F7556}") = "GithubInspector", "GithubInspector\GithubInspector.csproj", "{86D0E409-A439-46AD-A581-4DE410F5750A}"
EndProject
Project("{E53339B2-1760-4266-BCC7-CA923CBCF16C}") = "docker-compose", "docker-compose.dcproj", "{46898676-6EA5-4413-93E6-13E76924611F}"
EndProject
Global
	GlobalSection(SolutionConfigurationPlatforms) = preSolution
		Debug|Any CPU = Debug|Any CPU
		Release|Any CPU = Release|Any CPU
	EndGlobalSection
	GlobalSection(ProjectConfigurationPlatforms) = postSolution
		{86D0E409-A439-46AD-A581-4DE410F5750A}.Debug|Any CPU.ActiveCfg = Debug|Any CPU
		{86D0E409-A439-46AD-A581-4DE410F5750A}.Debug|Any CPU.Build.0 = Debug|Any CPU
		{86D0E409-A439-46AD-A581-4DE410F5750A}.Release|Any CPU.ActiveCfg = Release|Any CPU
		{86D0E409-A439-46AD-A581-4DE410F5750A}.Release|Any CPU.Build.0 = Release|Any CPU
		{46898676-6EA5-4413-93E6-13E76924611F}.Debug|Any CPU.ActiveCfg = Debug|Any CPU
		{46898676-6EA5-4413-93E6-13E76924611F}.Debug|Any CPU.Build.0 = Debug|Any CPU
		{46898676-6EA5-4413-93E6-13E76924611F}.Release|Any CPU.ActiveCfg = Release|Any CPU
		{46898676-6EA5-4413-93E6-13E76924611F}.Release|Any CPU.Build.0 = Release|Any CPU
	EndGlobalSection
	GlobalSection(SolutionProperties) = preSolution
		HideSolutionNode = FALSE
	EndGlobalSection
	GlobalSection(ExtensibilityGlobals) = postSolution
		SolutionGuid = {C63981DB-5EE2-4D32-88FC-F3595CA532E0}
	EndGlobalSection
EndGlobal
