
Microsoft Visual Studio Solution File, Format Version 12.00
# Visual Studio Version 17
VisualStudioVersion = 17.5.002.0
MinimumVisualStudioVersion = 10.0.40219.1
Project("{9A19103F-16F7-4668-BE54-9A1E7A4F7556}") = "GithubInspector", "GithubInspector.csproj", "{2E4A38A5-BAE4-4BE6-93C9-C9384FC3F054}"
EndProject
Global
	GlobalSection(SolutionConfigurationPlatforms) = preSolution
		Debug|Any CPU = Debug|Any CPU
		Release|Any CPU = Release|Any CPU
	EndGlobalSection
	GlobalSection(ProjectConfigurationPlatforms) = postSolution
		{2E4A38A5-BAE4-4BE6-93C9-C9384FC3F054}.Debug|Any CPU.ActiveCfg = Debug|Any CPU
		{2E4A38A5-BAE4-4BE6-93C9-C9384FC3F054}.Debug|Any CPU.Build.0 = Debug|Any CPU
		{2E4A38A5-BAE4-4BE6-93C9-C9384FC3F054}.Release|Any CPU.ActiveCfg = Release|Any CPU
		{2E4A38A5-BAE4-4BE6-93C9-C9384FC3F054}.Release|Any CPU.Build.0 = Release|Any CPU
	EndGlobalSection
	GlobalSection(SolutionProperties) = preSolution
		HideSolutionNode = FALSE
	EndGlobalSection
	GlobalSection(ExtensibilityGlobals) = postSolution
		SolutionGuid = {BBB214BC-4B9A-412C-B28A-52DE471DB3D0}
	EndGlobalSection
EndGlobal
